// !$*UTF8*$!
{
	archiveVersion = 1;
	classes = {
	};
	objectVersion = 46;
	objects = {

/* Begin PBXBuildFile section */
		1B26A16D515A3D2261F5B460 /* Pods_memo.framework in Frameworks */ = {isa = PBXBuildFile; fileRef = 37E279ADA0082728EF81FF67 /* Pods_memo.framework */; settings = {ATTRIBUTES = (Weak, ); }; };
		4C06B1AD9B8C2802204109E2 /* Pods_memoTests.framework in Frameworks */ = {isa = PBXBuildFile; fileRef = 028E6B66EFC993930FC74D05 /* Pods_memoTests.framework */; settings = {ATTRIBUTES = (Weak, ); }; };
		FF0814A71B50EF4000C6671A /* ImageAnalyzer.mm in Sources */ = {isa = PBXBuildFile; fileRef = FF0814A61B50EF4000C6671A /* ImageAnalyzer.mm */; };
		FF0814AA1B50F10100C6671A /* ImageAnalyzer+Contour.mm in Sources */ = {isa = PBXBuildFile; fileRef = FF0814A91B50F10100C6671A /* ImageAnalyzer+Contour.mm */; };
		FF0814AD1B5172C100C6671A /* DishItem.mm in Sources */ = {isa = PBXBuildFile; fileRef = FF0814AC1B5172C100C6671A /* DishItem.mm */; };
		FF0814B01B51913D00C6671A /* DishData.m in Sources */ = {isa = PBXBuildFile; fileRef = FF0814AF1B51913D00C6671A /* DishData.m */; };
		FF54593E1B3D20D600747C07 /* main.m in Sources */ = {isa = PBXBuildFile; fileRef = FF54593D1B3D20D600747C07 /* main.m */; };
		FF5459411B3D20D600747C07 /* AppDelegate.m in Sources */ = {isa = PBXBuildFile; fileRef = FF5459401B3D20D600747C07 /* AppDelegate.m */; };
		FF5459441B3D20D600747C07 /* memo.xcdatamodeld in Sources */ = {isa = PBXBuildFile; fileRef = FF5459421B3D20D600747C07 /* memo.xcdatamodeld */; };
		FF54594A1B3D20D600747C07 /* Main.storyboard in Resources */ = {isa = PBXBuildFile; fileRef = FF5459481B3D20D600747C07 /* Main.storyboard */; };
		FF54594C1B3D20D600747C07 /* Images.xcassets in Resources */ = {isa = PBXBuildFile; fileRef = FF54594B1B3D20D600747C07 /* Images.xcassets */; };
		FF54594F1B3D20D600747C07 /* LaunchScreen.xib in Resources */ = {isa = PBXBuildFile; fileRef = FF54594D1B3D20D600747C07 /* LaunchScreen.xib */; };
		FF54595B1B3D20D600747C07 /* memoTests.m in Sources */ = {isa = PBXBuildFile; fileRef = FF54595A1B3D20D600747C07 /* memoTests.m */; };
		FF54596B1B3E8AEE00747C07 /* opencv2.framework in Frameworks */ = {isa = PBXBuildFile; fileRef = FF54596A1B3E8AEE00747C07 /* opencv2.framework */; };
		FF54596D1B3E8CB300747C07 /* Accelerate.framework in Frameworks */ = {isa = PBXBuildFile; fileRef = FF54596C1B3E8CB300747C07 /* Accelerate.framework */; };
		FF54596F1B3E8CBB00747C07 /* AssetsLibrary.framework in Frameworks */ = {isa = PBXBuildFile; fileRef = FF54596E1B3E8CBB00747C07 /* AssetsLibrary.framework */; };
		FF5459711B3E8CC500747C07 /* AVFoundation.framework in Frameworks */ = {isa = PBXBuildFile; fileRef = FF5459701B3E8CC500747C07 /* AVFoundation.framework */; };
		FF5459731B3E8CCD00747C07 /* CoreGraphics.framework in Frameworks */ = {isa = PBXBuildFile; fileRef = FF5459721B3E8CCD00747C07 /* CoreGraphics.framework */; };
		FF5459751B3E8CD700747C07 /* CoreImage.framework in Frameworks */ = {isa = PBXBuildFile; fileRef = FF5459741B3E8CD700747C07 /* CoreImage.framework */; };
		FF5459771B3E8CE600747C07 /* CoreMedia.framework in Frameworks */ = {isa = PBXBuildFile; fileRef = FF5459761B3E8CE600747C07 /* CoreMedia.framework */; };
		FF5459791B3E8CEF00747C07 /* CoreVideo.framework in Frameworks */ = {isa = PBXBuildFile; fileRef = FF5459781B3E8CEF00747C07 /* CoreVideo.framework */; };
		FF54597B1B3E8CF900747C07 /* QuartzCore.framework in Frameworks */ = {isa = PBXBuildFile; fileRef = FF54597A1B3E8CF900747C07 /* QuartzCore.framework */; };
		FF54597D1B3E8D0100747C07 /* UIKit.framework in Frameworks */ = {isa = PBXBuildFile; fileRef = FF54597C1B3E8D0100747C07 /* UIKit.framework */; };
		FF54597F1B3E8D0800747C07 /* Foundation.framework in Frameworks */ = {isa = PBXBuildFile; fileRef = FF54597E1B3E8D0800747C07 /* Foundation.framework */; };
		FF5D683D1B5214BB008E35F1 /* sample2.jpg in Resources */ = {isa = PBXBuildFile; fileRef = FF5D683C1B5214BB008E35F1 /* sample2.jpg */; };
		FF5D68411B5217EC008E35F1 /* RegisteredDishTableViewController.m in Sources */ = {isa = PBXBuildFile; fileRef = FF5D68401B5217EC008E35F1 /* RegisteredDishTableViewController.m */; };
		FF5D68481B523151008E35F1 /* RegisteredDishTableViewCell.m in Sources */ = {isa = PBXBuildFile; fileRef = FF5D68461B523151008E35F1 /* RegisteredDishTableViewCell.m */; };
		FF5D68491B523151008E35F1 /* RegisteredDishTableViewCell.xib in Resources */ = {isa = PBXBuildFile; fileRef = FF5D68471B523151008E35F1 /* RegisteredDishTableViewCell.xib */; };
		FF5D684C1B55E371008E35F1 /* ImageAnalyzer+Color.mm in Sources */ = {isa = PBXBuildFile; fileRef = FF5D684B1B55E371008E35F1 /* ImageAnalyzer+Color.mm */; };
		FF6303FB1B3ED4E300FD3CBC /* AddInformationViewController.mm in Sources */ = {isa = PBXBuildFile; fileRef = FF6303FA1B3ED4E300FD3CBC /* AddInformationViewController.mm */; };
		FF6303FE1B3EE13F00FD3CBC /* sample.jpg in Resources */ = {isa = PBXBuildFile; fileRef = FF6303FD1B3EE13F00FD3CBC /* sample.jpg */; };
		FF6304011B3EE54500FD3CBC /* DrawLayerView.m in Sources */ = {isa = PBXBuildFile; fileRef = FF6304001B3EE54500FD3CBC /* DrawLayerView.m */; };
		FF76447C1B4B999E00211B12 /* libc++.dylib in Frameworks */ = {isa = PBXBuildFile; fileRef = FF76447B1B4B999E00211B12 /* libc++.dylib */; };
		FFBDDFA81B3E9052007DC84B /* libstdc++.dylib in Frameworks */ = {isa = PBXBuildFile; fileRef = FFBDDFA71B3E9052007DC84B /* libstdc++.dylib */; };
/* End PBXBuildFile section */

/* Begin PBXContainerItemProxy section */
		FF5459551B3D20D600747C07 /* PBXContainerItemProxy */ = {
			isa = PBXContainerItemProxy;
			containerPortal = FF5459301B3D20D600747C07 /* Project object */;
			proxyType = 1;
			remoteGlobalIDString = FF5459371B3D20D600747C07;
			remoteInfo = memo;
		};
/* End PBXContainerItemProxy section */

/* Begin PBXFileReference section */
		028E6B66EFC993930FC74D05 /* Pods_memoTests.framework */ = {isa = PBXFileReference; explicitFileType = wrapper.framework; includeInIndex = 0; path = Pods_memoTests.framework; sourceTree = BUILT_PRODUCTS_DIR; };
		0F683FAF21CBD9D6C5D523CB /* Pods-memo.release.xcconfig */ = {isa = PBXFileReference; includeInIndex = 1; lastKnownFileType = text.xcconfig; name = "Pods-memo.release.xcconfig"; path = "Pods/Target Support Files/Pods-memo/Pods-memo.release.xcconfig"; sourceTree = "<group>"; };
		213713B0579DF7F8AB9C67C2 /* Pods-memoTests.debug.xcconfig */ = {isa = PBXFileReference; includeInIndex = 1; lastKnownFileType = text.xcconfig; name = "Pods-memoTests.debug.xcconfig"; path = "Pods/Target Support Files/Pods-memoTests/Pods-memoTests.debug.xcconfig"; sourceTree = "<group>"; };
		37E279ADA0082728EF81FF67 /* Pods_memo.framework */ = {isa = PBXFileReference; explicitFileType = wrapper.framework; includeInIndex = 0; path = Pods_memo.framework; sourceTree = BUILT_PRODUCTS_DIR; };
		A53147AD0E00F1AA73ED1981 /* Pods-memo.debug.xcconfig */ = {isa = PBXFileReference; includeInIndex = 1; lastKnownFileType = text.xcconfig; name = "Pods-memo.debug.xcconfig"; path = "Pods/Target Support Files/Pods-memo/Pods-memo.debug.xcconfig"; sourceTree = "<group>"; };
		D90936B15FDDEB3448718335 /* Pods-memoTests.release.xcconfig */ = {isa = PBXFileReference; includeInIndex = 1; lastKnownFileType = text.xcconfig; name = "Pods-memoTests.release.xcconfig"; path = "Pods/Target Support Files/Pods-memoTests/Pods-memoTests.release.xcconfig"; sourceTree = "<group>"; };
		FF0814A51B50EF4000C6671A /* ImageAnalyzer.h */ = {isa = PBXFileReference; fileEncoding = 4; lastKnownFileType = sourcecode.c.h; name = ImageAnalyzer.h; path = Analyzer/ImageAnalyzer.h; sourceTree = "<group>"; };
		FF0814A61B50EF4000C6671A /* ImageAnalyzer.mm */ = {isa = PBXFileReference; fileEncoding = 4; lastKnownFileType = sourcecode.cpp.objcpp; name = ImageAnalyzer.mm; path = Analyzer/ImageAnalyzer.mm; sourceTree = "<group>"; };
		FF0814A81B50F10100C6671A /* ImageAnalyzer+Contour.h */ = {isa = PBXFileReference; fileEncoding = 4; lastKnownFileType = sourcecode.c.h; name = "ImageAnalyzer+Contour.h"; path = "Analyzer/ImageAnalyzer+Contour.h"; sourceTree = "<group>"; };
		FF0814A91B50F10100C6671A /* ImageAnalyzer+Contour.mm */ = {isa = PBXFileReference; fileEncoding = 4; lastKnownFileType = sourcecode.cpp.objcpp; name = "ImageAnalyzer+Contour.mm"; path = "Analyzer/ImageAnalyzer+Contour.mm"; sourceTree = "<group>"; };
		FF0814AB1B5172C100C6671A /* DishItem.h */ = {isa = PBXFileReference; fileEncoding = 4; lastKnownFileType = sourcecode.c.h; name = DishItem.h; path = DishData/DishItem.h; sourceTree = "<group>"; };
		FF0814AC1B5172C100C6671A /* DishItem.mm */ = {isa = PBXFileReference; fileEncoding = 4; lastKnownFileType = sourcecode.cpp.objcpp; name = DishItem.mm; path = DishData/DishItem.mm; sourceTree = "<group>"; };
		FF0814AE1B51913D00C6671A /* DishData.h */ = {isa = PBXFileReference; fileEncoding = 4; lastKnownFileType = sourcecode.c.h; name = DishData.h; path = DishData/DishData.h; sourceTree = "<group>"; };
		FF0814AF1B51913D00C6671A /* DishData.m */ = {isa = PBXFileReference; fileEncoding = 4; lastKnownFileType = sourcecode.c.objc; name = DishData.m; path = DishData/DishData.m; sourceTree = "<group>"; };
		FF5459381B3D20D600747C07 /* memo.app */ = {isa = PBXFileReference; explicitFileType = wrapper.application; includeInIndex = 0; path = memo.app; sourceTree = BUILT_PRODUCTS_DIR; };
		FF54593C1B3D20D600747C07 /* Info.plist */ = {isa = PBXFileReference; lastKnownFileType = text.plist.xml; path = Info.plist; sourceTree = "<group>"; };
		FF54593D1B3D20D600747C07 /* main.m */ = {isa = PBXFileReference; lastKnownFileType = sourcecode.c.objc; path = main.m; sourceTree = "<group>"; };
		FF54593F1B3D20D600747C07 /* AppDelegate.h */ = {isa = PBXFileReference; lastKnownFileType = sourcecode.c.h; path = AppDelegate.h; sourceTree = "<group>"; };
		FF5459401B3D20D600747C07 /* AppDelegate.m */ = {isa = PBXFileReference; lastKnownFileType = sourcecode.c.objc; path = AppDelegate.m; sourceTree = "<group>"; };
		FF5459431B3D20D600747C07 /* memo.xcdatamodel */ = {isa = PBXFileReference; lastKnownFileType = wrapper.xcdatamodel; path = memo.xcdatamodel; sourceTree = "<group>"; };
		FF5459491B3D20D600747C07 /* Base */ = {isa = PBXFileReference; lastKnownFileType = file.storyboard; name = Base; path = Base.lproj/Main.storyboard; sourceTree = "<group>"; };
		FF54594B1B3D20D600747C07 /* Images.xcassets */ = {isa = PBXFileReference; lastKnownFileType = folder.assetcatalog; path = Images.xcassets; sourceTree = "<group>"; };
		FF54594E1B3D20D600747C07 /* Base */ = {isa = PBXFileReference; lastKnownFileType = file.xib; name = Base; path = Base.lproj/LaunchScreen.xib; sourceTree = "<group>"; };
		FF5459541B3D20D600747C07 /* memoTests.xctest */ = {isa = PBXFileReference; explicitFileType = wrapper.cfbundle; includeInIndex = 0; path = memoTests.xctest; sourceTree = BUILT_PRODUCTS_DIR; };
		FF5459591B3D20D600747C07 /* Info.plist */ = {isa = PBXFileReference; lastKnownFileType = text.plist.xml; path = Info.plist; sourceTree = "<group>"; };
		FF54595A1B3D20D600747C07 /* memoTests.m */ = {isa = PBXFileReference; lastKnownFileType = sourcecode.c.objc; path = memoTests.m; sourceTree = "<group>"; };
		FF54596A1B3E8AEE00747C07 /* opencv2.framework */ = {isa = PBXFileReference; lastKnownFileType = wrapper.framework; name = opencv2.framework; path = Frameworks/opencv2.framework; sourceTree = "<group>"; };
		FF54596C1B3E8CB300747C07 /* Accelerate.framework */ = {isa = PBXFileReference; lastKnownFileType = wrapper.framework; name = Accelerate.framework; path = System/Library/Frameworks/Accelerate.framework; sourceTree = SDKROOT; };
		FF54596E1B3E8CBB00747C07 /* AssetsLibrary.framework */ = {isa = PBXFileReference; lastKnownFileType = wrapper.framework; name = AssetsLibrary.framework; path = System/Library/Frameworks/AssetsLibrary.framework; sourceTree = SDKROOT; };
		FF5459701B3E8CC500747C07 /* AVFoundation.framework */ = {isa = PBXFileReference; lastKnownFileType = wrapper.framework; name = AVFoundation.framework; path = System/Library/Frameworks/AVFoundation.framework; sourceTree = SDKROOT; };
		FF5459721B3E8CCD00747C07 /* CoreGraphics.framework */ = {isa = PBXFileReference; lastKnownFileType = wrapper.framework; name = CoreGraphics.framework; path = System/Library/Frameworks/CoreGraphics.framework; sourceTree = SDKROOT; };
		FF5459741B3E8CD700747C07 /* CoreImage.framework */ = {isa = PBXFileReference; lastKnownFileType = wrapper.framework; name = CoreImage.framework; path = System/Library/Frameworks/CoreImage.framework; sourceTree = SDKROOT; };
		FF5459761B3E8CE600747C07 /* CoreMedia.framework */ = {isa = PBXFileReference; lastKnownFileType = wrapper.framework; name = CoreMedia.framework; path = System/Library/Frameworks/CoreMedia.framework; sourceTree = SDKROOT; };
		FF5459781B3E8CEF00747C07 /* CoreVideo.framework */ = {isa = PBXFileReference; lastKnownFileType = wrapper.framework; name = CoreVideo.framework; path = System/Library/Frameworks/CoreVideo.framework; sourceTree = SDKROOT; };
		FF54597A1B3E8CF900747C07 /* QuartzCore.framework */ = {isa = PBXFileReference; lastKnownFileType = wrapper.framework; name = QuartzCore.framework; path = System/Library/Frameworks/QuartzCore.framework; sourceTree = SDKROOT; };
		FF54597C1B3E8D0100747C07 /* UIKit.framework */ = {isa = PBXFileReference; lastKnownFileType = wrapper.framework; name = UIKit.framework; path = System/Library/Frameworks/UIKit.framework; sourceTree = SDKROOT; };
		FF54597E1B3E8D0800747C07 /* Foundation.framework */ = {isa = PBXFileReference; lastKnownFileType = wrapper.framework; name = Foundation.framework; path = System/Library/Frameworks/Foundation.framework; sourceTree = SDKROOT; };
		FF5D683C1B5214BB008E35F1 /* sample2.jpg */ = {isa = PBXFileReference; lastKnownFileType = image.jpeg; path = sample2.jpg; sourceTree = "<group>"; };
		FF5D683F1B5217EC008E35F1 /* RegisteredDishTableViewController.h */ = {isa = PBXFileReference; fileEncoding = 4; lastKnownFileType = sourcecode.c.h; name = RegisteredDishTableViewController.h; path = AddInformation/RegisteredDishTableViewController.h; sourceTree = "<group>"; };
		FF5D68401B5217EC008E35F1 /* RegisteredDishTableViewController.m */ = {isa = PBXFileReference; fileEncoding = 4; lastKnownFileType = sourcecode.c.objc; name = RegisteredDishTableViewController.m; path = AddInformation/RegisteredDishTableViewController.m; sourceTree = "<group>"; };
		FF5D68451B523151008E35F1 /* RegisteredDishTableViewCell.h */ = {isa = PBXFileReference; fileEncoding = 4; lastKnownFileType = sourcecode.c.h; name = RegisteredDishTableViewCell.h; path = AddInformation/RegisteredDishTableViewCell.h; sourceTree = "<group>"; };
		FF5D68461B523151008E35F1 /* RegisteredDishTableViewCell.m */ = {isa = PBXFileReference; fileEncoding = 4; lastKnownFileType = sourcecode.c.objc; name = RegisteredDishTableViewCell.m; path = AddInformation/RegisteredDishTableViewCell.m; sourceTree = "<group>"; };
		FF5D68471B523151008E35F1 /* RegisteredDishTableViewCell.xib */ = {isa = PBXFileReference; fileEncoding = 4; lastKnownFileType = file.xib; name = RegisteredDishTableViewCell.xib; path = AddInformation/RegisteredDishTableViewCell.xib; sourceTree = "<group>"; };
		FF5D684A1B55E371008E35F1 /* ImageAnalyzer+Color.h */ = {isa = PBXFileReference; fileEncoding = 4; lastKnownFileType = sourcecode.c.h; name = "ImageAnalyzer+Color.h"; path = "Analyzer/ImageAnalyzer+Color.h"; sourceTree = "<group>"; };
		FF5D684B1B55E371008E35F1 /* ImageAnalyzer+Color.mm */ = {isa = PBXFileReference; fileEncoding = 4; lastKnownFileType = sourcecode.cpp.objcpp; name = "ImageAnalyzer+Color.mm"; path = "Analyzer/ImageAnalyzer+Color.mm"; sourceTree = "<group>"; };
		FF6303F91B3ED4E300FD3CBC /* AddInformationViewController.h */ = {isa = PBXFileReference; fileEncoding = 4; lastKnownFileType = sourcecode.c.h; name = AddInformationViewController.h; path = AddInformation/AddInformationViewController.h; sourceTree = "<group>"; };
		FF6303FA1B3ED4E300FD3CBC /* AddInformationViewController.mm */ = {isa = PBXFileReference; fileEncoding = 4; lastKnownFileType = sourcecode.cpp.objcpp; name = AddInformationViewController.mm; path = AddInformation/AddInformationViewController.mm; sourceTree = "<group>"; };
		FF6303FD1B3EE13F00FD3CBC /* sample.jpg */ = {isa = PBXFileReference; lastKnownFileType = image.jpeg; path = sample.jpg; sourceTree = "<group>"; };
		FF6303FF1B3EE54500FD3CBC /* DrawLayerView.h */ = {isa = PBXFileReference; fileEncoding = 4; lastKnownFileType = sourcecode.c.h; name = DrawLayerView.h; path = AddInformation/DrawLayerView.h; sourceTree = "<group>"; };
		FF6304001B3EE54500FD3CBC /* DrawLayerView.m */ = {isa = PBXFileReference; fileEncoding = 4; lastKnownFileType = sourcecode.c.objc; name = DrawLayerView.m; path = AddInformation/DrawLayerView.m; sourceTree = "<group>"; };
		FF76447B1B4B999E00211B12 /* libc++.dylib */ = {isa = PBXFileReference; lastKnownFileType = "compiled.mach-o.dylib"; name = "libc++.dylib"; path = "usr/lib/libc++.dylib"; sourceTree = SDKROOT; };
		FFBDDFA71B3E9052007DC84B /* libstdc++.dylib */ = {isa = PBXFileReference; lastKnownFileType = "compiled.mach-o.dylib"; name = "libstdc++.dylib"; path = "usr/lib/libstdc++.dylib"; sourceTree = SDKROOT; };
		FFBDDFA91B3E9467007DC84B /* memo-Prefix.pch */ = {isa = PBXFileReference; fileEncoding = 4; lastKnownFileType = sourcecode.c.h; path = "memo-Prefix.pch"; sourceTree = "<group>"; };
		FFBDDFAB1B3E9589007DC84B /* DebugLog.h */ = {isa = PBXFileReference; fileEncoding = 4; lastKnownFileType = sourcecode.c.h; name = DebugLog.h; path = Util/DebugLog.h; sourceTree = "<group>"; };
/* End PBXFileReference section */

/* Begin PBXFrameworksBuildPhase section */
		FF5459351B3D20D600747C07 /* Frameworks */ = {
			isa = PBXFrameworksBuildPhase;
			buildActionMask = 2147483647;
			files = (
				FF76447C1B4B999E00211B12 /* libc++.dylib in Frameworks */,
				FFBDDFA81B3E9052007DC84B /* libstdc++.dylib in Frameworks */,
				FF54597F1B3E8D0800747C07 /* Foundation.framework in Frameworks */,
				FF54597D1B3E8D0100747C07 /* UIKit.framework in Frameworks */,
				FF54597B1B3E8CF900747C07 /* QuartzCore.framework in Frameworks */,
				FF5459791B3E8CEF00747C07 /* CoreVideo.framework in Frameworks */,
				FF5459771B3E8CE600747C07 /* CoreMedia.framework in Frameworks */,
				FF5459751B3E8CD700747C07 /* CoreImage.framework in Frameworks */,
				FF5459731B3E8CCD00747C07 /* CoreGraphics.framework in Frameworks */,
				FF5459711B3E8CC500747C07 /* AVFoundation.framework in Frameworks */,
				FF54596F1B3E8CBB00747C07 /* AssetsLibrary.framework in Frameworks */,
				FF54596D1B3E8CB300747C07 /* Accelerate.framework in Frameworks */,
				1B26A16D515A3D2261F5B460 /* Pods_memo.framework in Frameworks */,
				FF54596B1B3E8AEE00747C07 /* opencv2.framework in Frameworks */,
			);
			runOnlyForDeploymentPostprocessing = 0;
		};
		FF5459511B3D20D600747C07 /* Frameworks */ = {
			isa = PBXFrameworksBuildPhase;
			buildActionMask = 2147483647;
			files = (
				4C06B1AD9B8C2802204109E2 /* Pods_memoTests.framework in Frameworks */,
			);
			runOnlyForDeploymentPostprocessing = 0;
		};
/* End PBXFrameworksBuildPhase section */

/* Begin PBXGroup section */
		8A72F890B0B4D04F2633DA77 /* Frameworks */ = {
			isa = PBXGroup;
			children = (
				FF76447B1B4B999E00211B12 /* libc++.dylib */,
				FFBDDFA71B3E9052007DC84B /* libstdc++.dylib */,
				FF54597E1B3E8D0800747C07 /* Foundation.framework */,
				FF54597C1B3E8D0100747C07 /* UIKit.framework */,
				FF54597A1B3E8CF900747C07 /* QuartzCore.framework */,
				FF5459781B3E8CEF00747C07 /* CoreVideo.framework */,
				FF5459761B3E8CE600747C07 /* CoreMedia.framework */,
				FF5459741B3E8CD700747C07 /* CoreImage.framework */,
				FF5459721B3E8CCD00747C07 /* CoreGraphics.framework */,
				FF5459701B3E8CC500747C07 /* AVFoundation.framework */,
				FF54596E1B3E8CBB00747C07 /* AssetsLibrary.framework */,
				FF54596C1B3E8CB300747C07 /* Accelerate.framework */,
				FF54596A1B3E8AEE00747C07 /* opencv2.framework */,
				37E279ADA0082728EF81FF67 /* Pods_memo.framework */,
				028E6B66EFC993930FC74D05 /* Pods_memoTests.framework */,
			);
			name = Frameworks;
			sourceTree = "<group>";
		};
		C8AE1F3F8A6ECA4F12DE1D4E /* Pods */ = {
			isa = PBXGroup;
			children = (
				A53147AD0E00F1AA73ED1981 /* Pods-memo.debug.xcconfig */,
				0F683FAF21CBD9D6C5D523CB /* Pods-memo.release.xcconfig */,
				213713B0579DF7F8AB9C67C2 /* Pods-memoTests.debug.xcconfig */,
				D90936B15FDDEB3448718335 /* Pods-memoTests.release.xcconfig */,
			);
			name = Pods;
			sourceTree = "<group>";
		};
		FF54592F1B3D20D600747C07 = {
			isa = PBXGroup;
			children = (
				FF54593A1B3D20D600747C07 /* memo */,
				FF5459571B3D20D600747C07 /* memoTests */,
				FF6303FC1B3EE13F00FD3CBC /* Resources */,
				FF5459391B3D20D600747C07 /* Products */,
				C8AE1F3F8A6ECA4F12DE1D4E /* Pods */,
				8A72F890B0B4D04F2633DA77 /* Frameworks */,
			);
			sourceTree = "<group>";
		};
		FF5459391B3D20D600747C07 /* Products */ = {
			isa = PBXGroup;
			children = (
				FF5459381B3D20D600747C07 /* memo.app */,
				FF5459541B3D20D600747C07 /* memoTests.xctest */,
			);
			name = Products;
			sourceTree = "<group>";
		};
		FF54593A1B3D20D600747C07 /* memo */ = {
			isa = PBXGroup;
			children = (
				FF54593F1B3D20D600747C07 /* AppDelegate.h */,
				FF5459401B3D20D600747C07 /* AppDelegate.m */,
				FF5459481B3D20D600747C07 /* Main.storyboard */,
				FFC450691B455F29005C0CB7 /* Analyze */,
				FFBDDFAA1B3E9523007DC84B /* Util */,
				FF6303F81B3ED3FF00FD3CBC /* EditInformation */,
				FF54594B1B3D20D600747C07 /* Images.xcassets */,
				FF54594D1B3D20D600747C07 /* LaunchScreen.xib */,
				FF5459421B3D20D600747C07 /* memo.xcdatamodeld */,
				FF54593B1B3D20D600747C07 /* Supporting Files */,
			);
			path = memo;
			sourceTree = "<group>";
		};
		FF54593B1B3D20D600747C07 /* Supporting Files */ = {
			isa = PBXGroup;
			children = (
				FF54593C1B3D20D600747C07 /* Info.plist */,
				FF54593D1B3D20D600747C07 /* main.m */,
				FFBDDFA91B3E9467007DC84B /* memo-Prefix.pch */,
			);
			name = "Supporting Files";
			sourceTree = "<group>";
		};
		FF5459571B3D20D600747C07 /* memoTests */ = {
			isa = PBXGroup;
			children = (
				FF54595A1B3D20D600747C07 /* memoTests.m */,
				FF5459581B3D20D600747C07 /* Supporting Files */,
			);
			path = memoTests;
			sourceTree = "<group>";
		};
		FF5459581B3D20D600747C07 /* Supporting Files */ = {
			isa = PBXGroup;
			children = (
				FF5459591B3D20D600747C07 /* Info.plist */,
			);
			name = "Supporting Files";
			sourceTree = "<group>";
		};
		FF5D683E1B52176B008E35F1 /* table */ = {
			isa = PBXGroup;
			children = (
				FF5D683F1B5217EC008E35F1 /* RegisteredDishTableViewController.h */,
				FF5D68401B5217EC008E35F1 /* RegisteredDishTableViewController.m */,
				FF5D68451B523151008E35F1 /* RegisteredDishTableViewCell.h */,
				FF5D68461B523151008E35F1 /* RegisteredDishTableViewCell.m */,
				FF5D68471B523151008E35F1 /* RegisteredDishTableViewCell.xib */,
			);
			name = table;
			sourceTree = "<group>";
		};
		FF6303F81B3ED3FF00FD3CBC /* EditInformation */ = {
			isa = PBXGroup;
			children = (
				FF5D683E1B52176B008E35F1 /* table */,
				FFC4506A1B4612DC005C0CB7 /* dish */,
				FF6303F91B3ED4E300FD3CBC /* AddInformationViewController.h */,
				FF6303FA1B3ED4E300FD3CBC /* AddInformationViewController.mm */,
				FF6303FF1B3EE54500FD3CBC /* DrawLayerView.h */,
				FF6304001B3EE54500FD3CBC /* DrawLayerView.m */,
			);
			name = EditInformation;
			sourceTree = "<group>";
		};
		FF6303FC1B3EE13F00FD3CBC /* Resources */ = {
			isa = PBXGroup;
			children = (
				FF6303FD1B3EE13F00FD3CBC /* sample.jpg */,
				FF5D683C1B5214BB008E35F1 /* sample2.jpg */,
			);
			name = Resources;
			path = memo/Resources;
			sourceTree = "<group>";
		};
		FFBDDFAA1B3E9523007DC84B /* Util */ = {
			isa = PBXGroup;
			children = (
				FFBDDFAB1B3E9589007DC84B /* DebugLog.h */,
			);
			name = Util;
			sourceTree = "<group>";
		};
		FFC450691B455F29005C0CB7 /* Analyze */ = {
			isa = PBXGroup;
			children = (
				FF0814A51B50EF4000C6671A /* ImageAnalyzer.h */,
				FF0814A61B50EF4000C6671A /* ImageAnalyzer.mm */,
				FF5D684A1B55E371008E35F1 /* ImageAnalyzer+Color.h */,
				FF5D684B1B55E371008E35F1 /* ImageAnalyzer+Color.mm */,
				FF0814A81B50F10100C6671A /* ImageAnalyzer+Contour.h */,
				FF0814A91B50F10100C6671A /* ImageAnalyzer+Contour.mm */,
			);
			name = Analyze;
			sourceTree = "<group>";
		};
		FFC4506A1B4612DC005C0CB7 /* dish */ = {
			isa = PBXGroup;
			children = (
				FF0814AB1B5172C100C6671A /* DishItem.h */,
				FF0814AC1B5172C100C6671A /* DishItem.mm */,
				FF0814AE1B51913D00C6671A /* DishData.h */,
				FF0814AF1B51913D00C6671A /* DishData.m */,
			);
			name = dish;
			sourceTree = "<group>";
		};
/* End PBXGroup section */

/* Begin PBXNativeTarget section */
		FF5459371B3D20D600747C07 /* memo */ = {
			isa = PBXNativeTarget;
			buildConfigurationList = FF54595E1B3D20D600747C07 /* Build configuration list for PBXNativeTarget "memo" */;
			buildPhases = (
				2011F63172A16F53A2D35884 /* Check Pods Manifest.lock */,
				FF5459341B3D20D600747C07 /* Sources */,
				FF5459351B3D20D600747C07 /* Frameworks */,
				FF5459361B3D20D600747C07 /* Resources */,
				B748ACB3B81227B317ACF185 /* Embed Pods Frameworks */,
				AEDA0314A3F3E7B802602E36 /* Copy Pods Resources */,
			);
			buildRules = (
			);
			dependencies = (
			);
			name = memo;
			productName = memo;
			productReference = FF5459381B3D20D600747C07 /* memo.app */;
			productType = "com.apple.product-type.application";
		};
		FF5459531B3D20D600747C07 /* memoTests */ = {
			isa = PBXNativeTarget;
			buildConfigurationList = FF5459611B3D20D600747C07 /* Build configuration list for PBXNativeTarget "memoTests" */;
			buildPhases = (
				F8D49303F6F74AFA7AC58FEB /* Check Pods Manifest.lock */,
				FF5459501B3D20D600747C07 /* Sources */,
				FF5459511B3D20D600747C07 /* Frameworks */,
				FF5459521B3D20D600747C07 /* Resources */,
				785CF7EAA476555B039B5299 /* Embed Pods Frameworks */,
				695F3C5D05EF600C8848440E /* Copy Pods Resources */,
			);
			buildRules = (
			);
			dependencies = (
				FF5459561B3D20D600747C07 /* PBXTargetDependency */,
			);
			name = memoTests;
			productName = memoTests;
			productReference = FF5459541B3D20D600747C07 /* memoTests.xctest */;
			productType = "com.apple.product-type.bundle.unit-test";
		};
/* End PBXNativeTarget section */

/* Begin PBXProject section */
		FF5459301B3D20D600747C07 /* Project object */ = {
			isa = PBXProject;
			attributes = {
				LastUpgradeCheck = 0630;
				ORGANIZATIONNAME = ezura;
				TargetAttributes = {
					FF5459371B3D20D600747C07 = {
						CreatedOnToolsVersion = 6.3.2;
						DevelopmentTeam = P9XQAG8RUW;
					};
					FF5459531B3D20D600747C07 = {
						CreatedOnToolsVersion = 6.3.2;
						TestTargetID = FF5459371B3D20D600747C07;
					};
				};
			};
			buildConfigurationList = FF5459331B3D20D600747C07 /* Build configuration list for PBXProject "memo" */;
			compatibilityVersion = "Xcode 3.2";
			developmentRegion = English;
			hasScannedForEncodings = 0;
			knownRegions = (
				en,
				Base,
			);
			mainGroup = FF54592F1B3D20D600747C07;
			productRefGroup = FF5459391B3D20D600747C07 /* Products */;
			projectDirPath = "";
			projectRoot = "";
			targets = (
				FF5459371B3D20D600747C07 /* memo */,
				FF5459531B3D20D600747C07 /* memoTests */,
			);
		};
/* End PBXProject section */

/* Begin PBXResourcesBuildPhase section */
		FF5459361B3D20D600747C07 /* Resources */ = {
			isa = PBXResourcesBuildPhase;
			buildActionMask = 2147483647;
			files = (
				FF54594A1B3D20D600747C07 /* Main.storyboard in Resources */,
				FF5D68491B523151008E35F1 /* RegisteredDishTableViewCell.xib in Resources */,
				FF54594F1B3D20D600747C07 /* LaunchScreen.xib in Resources */,
				FF5D683D1B5214BB008E35F1 /* sample2.jpg in Resources */,
				FF54594C1B3D20D600747C07 /* Images.xcassets in Resources */,
				FF6303FE1B3EE13F00FD3CBC /* sample.jpg in Resources */,
			);
			runOnlyForDeploymentPostprocessing = 0;
		};
		FF5459521B3D20D600747C07 /* Resources */ = {
			isa = PBXResourcesBuildPhase;
			buildActionMask = 2147483647;
			files = (
			);
			runOnlyForDeploymentPostprocessing = 0;
		};
/* End PBXResourcesBuildPhase section */

/* Begin PBXShellScriptBuildPhase section */
		2011F63172A16F53A2D35884 /* Check Pods Manifest.lock */ = {
			isa = PBXShellScriptBuildPhase;
			buildActionMask = 2147483647;
			files = (
			);
			inputPaths = (
			);
			name = "Check Pods Manifest.lock";
			outputPaths = (
			);
			runOnlyForDeploymentPostprocessing = 0;
			shellPath = /bin/sh;
			shellScript = "diff \"${PODS_ROOT}/../Podfile.lock\" \"${PODS_ROOT}/Manifest.lock\" > /dev/null\nif [[ $? != 0 ]] ; then\n    cat << EOM\nerror: The sandbox is not in sync with the Podfile.lock. Run 'pod install' or update your CocoaPods installation.\nEOM\n    exit 1\nfi\n";
			showEnvVarsInLog = 0;
		};
		695F3C5D05EF600C8848440E /* Copy Pods Resources */ = {
			isa = PBXShellScriptBuildPhase;
			buildActionMask = 2147483647;
			files = (
			);
			inputPaths = (
			);
			name = "Copy Pods Resources";
			outputPaths = (
			);
			runOnlyForDeploymentPostprocessing = 0;
			shellPath = /bin/sh;
			shellScript = "\"${SRCROOT}/Pods/Target Support Files/Pods-memoTests/Pods-memoTests-resources.sh\"\n";
			showEnvVarsInLog = 0;
		};
		785CF7EAA476555B039B5299 /* Embed Pods Frameworks */ = {
			isa = PBXShellScriptBuildPhase;
			buildActionMask = 2147483647;
			files = (
			);
			inputPaths = (
			);
			name = "Embed Pods Frameworks";
			outputPaths = (
			);
			runOnlyForDeploymentPostprocessing = 0;
			shellPath = /bin/sh;
			shellScript = "\"${SRCROOT}/Pods/Target Support Files/Pods-memoTests/Pods-memoTests-frameworks.sh\"\n";
			showEnvVarsInLog = 0;
		};
		AEDA0314A3F3E7B802602E36 /* Copy Pods Resources */ = {
			isa = PBXShellScriptBuildPhase;
			buildActionMask = 2147483647;
			files = (
			);
			inputPaths = (
			);
			name = "Copy Pods Resources";
			outputPaths = (
			);
			runOnlyForDeploymentPostprocessing = 0;
			shellPath = /bin/sh;
			shellScript = "\"${SRCROOT}/Pods/Target Support Files/Pods-memo/Pods-memo-resources.sh\"\n";
			showEnvVarsInLog = 0;
		};
		B748ACB3B81227B317ACF185 /* Embed Pods Frameworks */ = {
			isa = PBXShellScriptBuildPhase;
			buildActionMask = 2147483647;
			files = (
			);
			inputPaths = (
			);
			name = "Embed Pods Frameworks";
			outputPaths = (
			);
			runOnlyForDeploymentPostprocessing = 0;
			shellPath = /bin/sh;
			shellScript = "\"${SRCROOT}/Pods/Target Support Files/Pods-memo/Pods-memo-frameworks.sh\"\n";
			showEnvVarsInLog = 0;
		};
		F8D49303F6F74AFA7AC58FEB /* Check Pods Manifest.lock */ = {
			isa = PBXShellScriptBuildPhase;
			buildActionMask = 2147483647;
			files = (
			);
			inputPaths = (
			);
			name = "Check Pods Manifest.lock";
			outputPaths = (
			);
			runOnlyForDeploymentPostprocessing = 0;
			shellPath = /bin/sh;
			shellScript = "diff \"${PODS_ROOT}/../Podfile.lock\" \"${PODS_ROOT}/Manifest.lock\" > /dev/null\nif [[ $? != 0 ]] ; then\n    cat << EOM\nerror: The sandbox is not in sync with the Podfile.lock. Run 'pod install' or update your CocoaPods installation.\nEOM\n    exit 1\nfi\n";
			showEnvVarsInLog = 0;
		};
/* End PBXShellScriptBuildPhase section */

/* Begin PBXSourcesBuildPhase section */
		FF5459341B3D20D600747C07 /* Sources */ = {
			isa = PBXSourcesBuildPhase;
			buildActionMask = 2147483647;
			files = (
				FF6304011B3EE54500FD3CBC /* DrawLayerView.m in Sources */,
				FF0814A71B50EF4000C6671A /* ImageAnalyzer.mm in Sources */,
				FF5D68481B523151008E35F1 /* RegisteredDishTableViewCell.m in Sources */,
				FF5D684C1B55E371008E35F1 /* ImageAnalyzer+Color.mm in Sources */,
				FF0814AA1B50F10100C6671A /* ImageAnalyzer+Contour.mm in Sources */,
				FF5459411B3D20D600747C07 /* AppDelegate.m in Sources */,
				FF0814AD1B5172C100C6671A /* DishItem.mm in Sources */,
				FF0814B01B51913D00C6671A /* DishData.m in Sources */,
				FF54593E1B3D20D600747C07 /* main.m in Sources */,
				FF6303FB1B3ED4E300FD3CBC /* AddInformationViewController.mm in Sources */,
				FF5459441B3D20D600747C07 /* memo.xcdatamodeld in Sources */,
				FF5D68411B5217EC008E35F1 /* RegisteredDishTableViewController.m in Sources */,
			);
			runOnlyForDeploymentPostprocessing = 0;
		};
		FF5459501B3D20D600747C07 /* Sources */ = {
			isa = PBXSourcesBuildPhase;
			buildActionMask = 2147483647;
			files = (
				FF54595B1B3D20D600747C07 /* memoTests.m in Sources */,
			);
			runOnlyForDeploymentPostprocessing = 0;
		};
/* End PBXSourcesBuildPhase section */

/* Begin PBXTargetDependency section */
		FF5459561B3D20D600747C07 /* PBXTargetDependency */ = {
			isa = PBXTargetDependency;
			target = FF5459371B3D20D600747C07 /* memo */;
			targetProxy = FF5459551B3D20D600747C07 /* PBXContainerItemProxy */;
		};
/* End PBXTargetDependency section */

/* Begin PBXVariantGroup section */
		FF5459481B3D20D600747C07 /* Main.storyboard */ = {
			isa = PBXVariantGroup;
			children = (
				FF5459491B3D20D600747C07 /* Base */,
			);
			name = Main.storyboard;
			sourceTree = "<group>";
		};
		FF54594D1B3D20D600747C07 /* LaunchScreen.xib */ = {
			isa = PBXVariantGroup;
			children = (
				FF54594E1B3D20D600747C07 /* Base */,
			);
			name = LaunchScreen.xib;
			sourceTree = "<group>";
		};
/* End PBXVariantGroup section */

/* Begin XCBuildConfiguration section */
		FF54595C1B3D20D600747C07 /* Debug */ = {
			isa = XCBuildConfiguration;
			buildSettings = {
				ALWAYS_SEARCH_USER_PATHS = NO;
				CLANG_CXX_LANGUAGE_STANDARD = "gnu++0x";
				CLANG_CXX_LIBRARY = "libc++";
				CLANG_ENABLE_MODULES = YES;
				CLANG_ENABLE_OBJC_ARC = YES;
				CLANG_WARN_BOOL_CONVERSION = YES;
				CLANG_WARN_CONSTANT_CONVERSION = YES;
				CLANG_WARN_DIRECT_OBJC_ISA_USAGE = YES_ERROR;
				CLANG_WARN_EMPTY_BODY = YES;
				CLANG_WARN_ENUM_CONVERSION = YES;
				CLANG_WARN_INT_CONVERSION = YES;
				CLANG_WARN_OBJC_ROOT_CLASS = YES_ERROR;
				CLANG_WARN_UNREACHABLE_CODE = YES;
				CLANG_WARN__DUPLICATE_METHOD_MATCH = YES;
				"CODE_SIGN_IDENTITY[sdk=iphoneos*]" = "iPhone Developer";
				COPY_PHASE_STRIP = NO;
				DEBUG_INFORMATION_FORMAT = "dwarf-with-dsym";
				ENABLE_STRICT_OBJC_MSGSEND = YES;
				GCC_C_LANGUAGE_STANDARD = gnu99;
				GCC_DYNAMIC_NO_PIC = NO;
				GCC_NO_COMMON_BLOCKS = YES;
				GCC_OPTIMIZATION_LEVEL = 0;
				GCC_PREFIX_HEADER = "memo/memo-Prefix.pch";
				GCC_PREPROCESSOR_DEFINITIONS = (
					"DEBUG=1",
					"$(inherited)",
				);
				GCC_SYMBOLS_PRIVATE_EXTERN = NO;
				GCC_WARN_64_TO_32_BIT_CONVERSION = YES;
				GCC_WARN_ABOUT_RETURN_TYPE = YES_ERROR;
				GCC_WARN_UNDECLARED_SELECTOR = YES;
				GCC_WARN_UNINITIALIZED_AUTOS = YES_AGGRESSIVE;
				GCC_WARN_UNUSED_FUNCTION = YES;
				GCC_WARN_UNUSED_VARIABLE = YES;
				IPHONEOS_DEPLOYMENT_TARGET = 8.1;
				MTL_ENABLE_DEBUG_INFO = YES;
				ONLY_ACTIVE_ARCH = YES;
				SDKROOT = iphoneos;
			};
			name = Debug;
		};
		FF54595D1B3D20D600747C07 /* Release */ = {
			isa = XCBuildConfiguration;
			buildSettings = {
				ALWAYS_SEARCH_USER_PATHS = NO;
				CLANG_CXX_LANGUAGE_STANDARD = "gnu++0x";
				CLANG_CXX_LIBRARY = "libc++";
				CLANG_ENABLE_MODULES = YES;
				CLANG_ENABLE_OBJC_ARC = YES;
				CLANG_WARN_BOOL_CONVERSION = YES;
				CLANG_WARN_CONSTANT_CONVERSION = YES;
				CLANG_WARN_DIRECT_OBJC_ISA_USAGE = YES_ERROR;
				CLANG_WARN_EMPTY_BODY = YES;
				CLANG_WARN_ENUM_CONVERSION = YES;
				CLANG_WARN_INT_CONVERSION = YES;
				CLANG_WARN_OBJC_ROOT_CLASS = YES_ERROR;
				CLANG_WARN_UNREACHABLE_CODE = YES;
				CLANG_WARN__DUPLICATE_METHOD_MATCH = YES;
				"CODE_SIGN_IDENTITY[sdk=iphoneos*]" = "iPhone Developer";
				COPY_PHASE_STRIP = NO;
				DEBUG_INFORMATION_FORMAT = "dwarf-with-dsym";
				ENABLE_NS_ASSERTIONS = NO;
				ENABLE_STRICT_OBJC_MSGSEND = YES;
				GCC_C_LANGUAGE_STANDARD = gnu99;
				GCC_NO_COMMON_BLOCKS = YES;
				GCC_PREFIX_HEADER = "memo/memo-Prefix.pch";
				GCC_WARN_64_TO_32_BIT_CONVERSION = YES;
				GCC_WARN_ABOUT_RETURN_TYPE = YES_ERROR;
				GCC_WARN_UNDECLARED_SELECTOR = YES;
				GCC_WARN_UNINITIALIZED_AUTOS = YES_AGGRESSIVE;
				GCC_WARN_UNUSED_FUNCTION = YES;
				GCC_WARN_UNUSED_VARIABLE = YES;
				IPHONEOS_DEPLOYMENT_TARGET = 8.1;
				MTL_ENABLE_DEBUG_INFO = NO;
				SDKROOT = iphoneos;
				VALIDATE_PRODUCT = YES;
			};
			name = Release;
		};
		FF54595F1B3D20D600747C07 /* Debug */ = {
			isa = XCBuildConfiguration;
			baseConfigurationReference = A53147AD0E00F1AA73ED1981 /* Pods-memo.debug.xcconfig */;
			buildSettings = {
				ASSETCATALOG_COMPILER_APPICON_NAME = AppIcon;
				CODE_SIGN_IDENTITY = "iPhone Developer";
				"CODE_SIGN_IDENTITY[sdk=iphoneos*]" = "iPhone Developer";
				FRAMEWORK_SEARCH_PATHS = (
					"$(inherited)",
					/Users/ezura/Downloads,
					"$(PROJECT_DIR)/Frameworks",
				);
				INFOPLIST_FILE = memo/Info.plist;
				LD_RUNPATH_SEARCH_PATHS = "$(inherited) @executable_path/Frameworks";
				PRODUCT_NAME = "$(TARGET_NAME)";
				PROVISIONING_PROFILE = "";
			};
			name = Debug;
		};
		FF5459601B3D20D600747C07 /* Release */ = {
			isa = XCBuildConfiguration;
			baseConfigurationReference = 0F683FAF21CBD9D6C5D523CB /* Pods-memo.release.xcconfig */;
			buildSettings = {
				ASSETCATALOG_COMPILER_APPICON_NAME = AppIcon;
				CODE_SIGN_IDENTITY = "iPhone Developer";
				"CODE_SIGN_IDENTITY[sdk=iphoneos*]" = "iPhone Developer";
				FRAMEWORK_SEARCH_PATHS = (
					"$(inherited)",
					/Users/ezura/Downloads,
					"$(PROJECT_DIR)/Frameworks",
				);
				INFOPLIST_FILE = memo/Info.plist;
				LD_RUNPATH_SEARCH_PATHS = "$(inherited) @executable_path/Frameworks";
				PRODUCT_NAME = "$(TARGET_NAME)";
				PROVISIONING_PROFILE = "";
			};
			name = Release;
		};
		FF5459621B3D20D600747C07 /* Debug */ = {
			isa = XCBuildConfiguration;
			baseConfigurationReference = 213713B0579DF7F8AB9C67C2 /* Pods-memoTests.debug.xcconfig */;
			buildSettings = {
				BUNDLE_LOADER = "$(TEST_HOST)";
				FRAMEWORK_SEARCH_PATHS = (
					"$(SDKROOT)/Developer/Library/Frameworks",
					"$(inherited)",
				);
				GCC_PREPROCESSOR_DEFINITIONS = (
					"DEBUG=1",
					"$(inherited)",
				);
				INFOPLIST_FILE = memoTests/Info.plist;
				LD_RUNPATH_SEARCH_PATHS = "$(inherited) @executable_path/Frameworks @loader_path/Frameworks";
				PRODUCT_NAME = "$(TARGET_NAME)";
				TEST_HOST = "$(BUILT_PRODUCTS_DIR)/memo.app/memo";
			};
			name = Debug;
		};
		FF5459631B3D20D600747C07 /* Release */ = {
			isa = XCBuildConfiguration;
			baseConfigurationReference = D90936B15FDDEB3448718335 /* Pods-memoTests.release.xcconfig */;
			buildSettings = {
				BUNDLE_LOADER = "$(TEST_HOST)";
				FRAMEWORK_SEARCH_PATHS = (
					"$(SDKROOT)/Developer/Library/Frameworks",
					"$(inherited)",
				);
				INFOPLIST_FILE = memoTests/Info.plist;
				LD_RUNPATH_SEARCH_PATHS = "$(inherited) @executable_path/Frameworks @loader_path/Frameworks";
				PRODUCT_NAME = "$(TARGET_NAME)";
				TEST_HOST = "$(BUILT_PRODUCTS_DIR)/memo.app/memo";
			};
			name = Release;
		};
/* End XCBuildConfiguration section */

/* Begin XCConfigurationList section */
		FF5459331B3D20D600747C07 /* Build configuration list for PBXProject "memo" */ = {
			isa = XCConfigurationList;
			buildConfigurations = (
				FF54595C1B3D20D600747C07 /* Debug */,
				FF54595D1B3D20D600747C07 /* Release */,
			);
			defaultConfigurationIsVisible = 0;
			defaultConfigurationName = Debug;
		};
		FF54595E1B3D20D600747C07 /* Build configuration list for PBXNativeTarget "memo" */ = {
			isa = XCConfigurationList;
			buildConfigurations = (
				FF54595F1B3D20D600747C07 /* Debug */,
				FF5459601B3D20D600747C07 /* Release */,
			);
			defaultConfigurationIsVisible = 0;
			defaultConfigurationName = Debug;
		};
		FF5459611B3D20D600747C07 /* Build configuration list for PBXNativeTarget "memoTests" */ = {
			isa = XCConfigurationList;
			buildConfigurations = (
				FF5459621B3D20D600747C07 /* Debug */,
				FF5459631B3D20D600747C07 /* Release */,
			);
			defaultConfigurationIsVisible = 0;
			defaultConfigurationName = Debug;
		};
/* End XCConfigurationList section */

/* Begin XCVersionGroup section */
		FF5459421B3D20D600747C07 /* memo.xcdatamodeld */ = {
			isa = XCVersionGroup;
			children = (
				FF5459431B3D20D600747C07 /* memo.xcdatamodel */,
			);
			currentVersion = FF5459431B3D20D600747C07 /* memo.xcdatamodel */;
			path = memo.xcdatamodeld;
			sourceTree = "<group>";
			versionGroupType = wrapper.xcdatamodel;
		};
/* End XCVersionGroup section */
	};
	rootObject = FF5459301B3D20D600747C07 /* Project object */;
}
